
Microsoft Visual Studio Solution File, Format Version 12.00
# Visual Studio 14
VisualStudioVersion = 14.0.25420.1
MinimumVisualStudioVersion = 10.0.40219.1
Project("{FAE04EC0-301F-11D3-BF4B-00C04F79EFBC}") = "BusinessObjects", "BusinessObjects\BusinessObjects.csproj", "{9183B06D-8F7D-441E-BAB4-A2D6AA630039}"
EndProject
Project("{FAE04EC0-301F-11D3-BF4B-00C04F79EFBC}") = "CustomPreview", "CustomPreview\CustomPreview.csproj", "{D5CE20A7-F8BA-4DF0-9F18-E3CA48099534}"
EndProject
Project("{FAE04EC0-301F-11D3-BF4B-00C04F79EFBC}") = "EditableReport", "EditableReport\EditableReport.csproj", "{0B3A8212-5A8B-47F8-9477-4410DFE2B874}"
EndProject
Project("{FAE04EC0-301F-11D3-BF4B-00C04F79EFBC}") = "Export", "Export\Export.csproj", "{265E0D69-2328-462C-9286-E6B9D93E6B5E}"
EndProject
Project("{FAE04EC0-301F-11D3-BF4B-00C04F79EFBC}") = "Navigator.RT", "Navigator.RT\Navigator.RT.csproj", "{42AD5409-D24E-42C7-98AE-DADC70314FA4}"
EndProject
Project("{FAE04EC0-301F-11D3-BF4B-00C04F79EFBC}") = "PrintingFromCode", "PrintingFromCode\PrintingFromCode.csproj", "{C45CEB5C-C1AA-40BA-87D5-DC3D517AE0E2}"
EndProject
Project("{FAE04EC0-301F-11D3-BF4B-00C04F79EFBC}") = "RealtimePreview", "RealtimePreview\RealtimePreview.csproj", "{7C2A25DD-1798-4A55-8559-4A4EBC9282B4}"
EndProject
Project("{FAE04EC0-301F-11D3-BF4B-00C04F79EFBC}") = "ReportManager", "ReportManager\ReportManager.csproj", "{4E21F7C4-B0E0-4588-9FB6-F936CCDD095D}"
EndProject
Project("{FAE04EC0-301F-11D3-BF4B-00C04F79EFBC}") = "RuntimeBuildReport", "RuntimeBuildReport\RuntimeBuildReport.csproj", "{6CC8301E-4C93-4A6F-B2A3-83F12B80CA3D}"
EndProject
Project("{FAE04EC0-301F-11D3-BF4B-00C04F79EFBC}") = "RuntimeTableCreation", "RuntimeTableCreation\RuntimeTableCreation.csproj", "{C5215A42-DAC3-4226-B25B-B93F958D038F}"
EndProject
Project("{FAE04EC0-301F-11D3-BF4B-00C04F79EFBC}") = "SharedFiles", "SharedFiles\SharedFiles.csproj", "{23C796C7-6F63-4908-8D47-F8F82D063B87}"
EndProject
Project("{FAE04EC0-301F-11D3-BF4B-00C04F79EFBC}") = "UsingDataSetAsBusinessObject", "UsingDataSetAsBusinessObject\UsingDataSetAsBusinessObject.csproj", "{674D37EA-420A-4553-9DA0-AE517B6EC172}"
EndProject
Project("{FAE04EC0-301F-11D3-BF4B-00C04F79EFBC}") = "Variables", "Variables\Variables.csproj", "{F56F4E61-D2DB-4020-9B5F-016CB62DB8D2}"
EndProject
Project("{FAE04EC0-301F-11D3-BF4B-00C04F79EFBC}") = "UWPBusinessObjectsForTheNETDesigner", "UWPBusinessObjectsForTheNETDesigner\UWPBusinessObjectsForTheNETDesigner.csproj", "{64009986-4AF9-4186-8085-DA6FBCE42F28}"
EndProject
Project("{FAE04EC0-301F-11D3-BF4B-00C04F79EFBC}") = "WorkWithComponents", "WorkWithComponents\WorkWithComponents.csproj", "{BD463FDE-0657-47E2-9F31-A123B65113FF}"
EndProject
Global
	GlobalSection(SolutionConfigurationPlatforms) = preSolution
		Debug|ARM = Debug|ARM
		Debug|x64 = Debug|x64
		Debug|x86 = Debug|x86
		Release|ARM = Release|ARM
		Release|x64 = Release|x64
		Release|x86 = Release|x86
	EndGlobalSection
	GlobalSection(ProjectConfigurationPlatforms) = postSolution
		{9183B06D-8F7D-441E-BAB4-A2D6AA630039}.Debug|ARM.ActiveCfg = Debug|ARM
		{9183B06D-8F7D-441E-BAB4-A2D6AA630039}.Debug|ARM.Build.0 = Debug|ARM
		{9183B06D-8F7D-441E-BAB4-A2D6AA630039}.Debug|ARM.Deploy.0 = Debug|ARM
		{9183B06D-8F7D-441E-BAB4-A2D6AA630039}.Debug|x64.ActiveCfg = Debug|x64
		{9183B06D-8F7D-441E-BAB4-A2D6AA630039}.Debug|x64.Build.0 = Debug|x64
		{9183B06D-8F7D-441E-BAB4-A2D6AA630039}.Debug|x64.Deploy.0 = Debug|x64
		{9183B06D-8F7D-441E-BAB4-A2D6AA630039}.Debug|x86.ActiveCfg = Debug|x86
		{9183B06D-8F7D-441E-BAB4-A2D6AA630039}.Debug|x86.Build.0 = Debug|x86
		{9183B06D-8F7D-441E-BAB4-A2D6AA630039}.Debug|x86.Deploy.0 = Debug|x86
		{9183B06D-8F7D-441E-BAB4-A2D6AA630039}.Release|ARM.ActiveCfg = Release|ARM
		{9183B06D-8F7D-441E-BAB4-A2D6AA630039}.Release|ARM.Build.0 = Release|ARM
		{9183B06D-8F7D-441E-BAB4-A2D6AA630039}.Release|ARM.Deploy.0 = Release|ARM
		{9183B06D-8F7D-441E-BAB4-A2D6AA630039}.Release|x64.ActiveCfg = Release|x64
		{9183B06D-8F7D-441E-BAB4-A2D6AA630039}.Release|x64.Build.0 = Release|x64
		{9183B06D-8F7D-441E-BAB4-A2D6AA630039}.Release|x64.Deploy.0 = Release|x64
		{9183B06D-8F7D-441E-BAB4-A2D6AA630039}.Release|x86.ActiveCfg = Release|x86
		{9183B06D-8F7D-441E-BAB4-A2D6AA630039}.Release|x86.Build.0 = Release|x86
		{9183B06D-8F7D-441E-BAB4-A2D6AA630039}.Release|x86.Deploy.0 = Release|x86
		{D5CE20A7-F8BA-4DF0-9F18-E3CA48099534}.Debug|ARM.ActiveCfg = Debug|ARM
		{D5CE20A7-F8BA-4DF0-9F18-E3CA48099534}.Debug|ARM.Build.0 = Debug|ARM
		{D5CE20A7-F8BA-4DF0-9F18-E3CA48099534}.Debug|ARM.Deploy.0 = Debug|ARM
		{D5CE20A7-F8BA-4DF0-9F18-E3CA48099534}.Debug|x64.ActiveCfg = Debug|x64
		{D5CE20A7-F8BA-4DF0-9F18-E3CA48099534}.Debug|x64.Build.0 = Debug|x64
		{D5CE20A7-F8BA-4DF0-9F18-E3CA48099534}.Debug|x64.Deploy.0 = Debug|x64
		{D5CE20A7-F8BA-4DF0-9F18-E3CA48099534}.Debug|x86.ActiveCfg = Debug|x86
		{D5CE20A7-F8BA-4DF0-9F18-E3CA48099534}.Debug|x86.Build.0 = Debug|x86
		{D5CE20A7-F8BA-4DF0-9F18-E3CA48099534}.Debug|x86.Deploy.0 = Debug|x86
		{D5CE20A7-F8BA-4DF0-9F18-E3CA48099534}.Release|ARM.ActiveCfg = Release|ARM
		{D5CE20A7-F8BA-4DF0-9F18-E3CA48099534}.Release|ARM.Build.0 = Release|ARM
		{D5CE20A7-F8BA-4DF0-9F18-E3CA48099534}.Release|ARM.Deploy.0 = Release|ARM
		{D5CE20A7-F8BA-4DF0-9F18-E3CA48099534}.Release|x64.ActiveCfg = Release|x64
		{D5CE20A7-F8BA-4DF0-9F18-E3CA48099534}.Release|x64.Build.0 = Release|x64
		{D5CE20A7-F8BA-4DF0-9F18-E3CA48099534}.Release|x64.Deploy.0 = Release|x64
		{D5CE20A7-F8BA-4DF0-9F18-E3CA48099534}.Release|x86.ActiveCfg = Release|x86
		{D5CE20A7-F8BA-4DF0-9F18-E3CA48099534}.Release|x86.Build.0 = Release|x86
		{D5CE20A7-F8BA-4DF0-9F18-E3CA48099534}.Release|x86.Deploy.0 = Release|x86
		{0B3A8212-5A8B-47F8-9477-4410DFE2B874}.Debug|ARM.ActiveCfg = Debug|ARM
		{0B3A8212-5A8B-47F8-9477-4410DFE2B874}.Debug|ARM.Build.0 = Debug|ARM
		{0B3A8212-5A8B-47F8-9477-4410DFE2B874}.Debug|ARM.Deploy.0 = Debug|ARM
		{0B3A8212-5A8B-47F8-9477-4410DFE2B874}.Debug|x64.ActiveCfg = Debug|x64
		{0B3A8212-5A8B-47F8-9477-4410DFE2B874}.Debug|x64.Build.0 = Debug|x64
		{0B3A8212-5A8B-47F8-9477-4410DFE2B874}.Debug|x64.Deploy.0 = Debug|x64
		{0B3A8212-5A8B-47F8-9477-4410DFE2B874}.Debug|x86.ActiveCfg = Debug|x86
		{0B3A8212-5A8B-47F8-9477-4410DFE2B874}.Debug|x86.Build.0 = Debug|x86
		{0B3A8212-5A8B-47F8-9477-4410DFE2B874}.Debug|x86.Deploy.0 = Debug|x86
		{0B3A8212-5A8B-47F8-9477-4410DFE2B874}.Release|ARM.ActiveCfg = Release|ARM
		{0B3A8212-5A8B-47F8-9477-4410DFE2B874}.Release|ARM.Build.0 = Release|ARM
		{0B3A8212-5A8B-47F8-9477-4410DFE2B874}.Release|ARM.Deploy.0 = Release|ARM
		{0B3A8212-5A8B-47F8-9477-4410DFE2B874}.Release|x64.ActiveCfg = Release|x64
		{0B3A8212-5A8B-47F8-9477-4410DFE2B874}.Release|x64.Build.0 = Release|x64
		{0B3A8212-5A8B-47F8-9477-4410DFE2B874}.Release|x64.Deploy.0 = Release|x64
		{0B3A8212-5A8B-47F8-9477-4410DFE2B874}.Release|x86.ActiveCfg = Release|x86
		{0B3A8212-5A8B-47F8-9477-4410DFE2B874}.Release|x86.Build.0 = Release|x86
		{0B3A8212-5A8B-47F8-9477-4410DFE2B874}.Release|x86.Deploy.0 = Release|x86
		{265E0D69-2328-462C-9286-E6B9D93E6B5E}.Debug|ARM.ActiveCfg = Debug|ARM
		{265E0D69-2328-462C-9286-E6B9D93E6B5E}.Debug|ARM.Build.0 = Debug|ARM
		{265E0D69-2328-462C-9286-E6B9D93E6B5E}.Debug|ARM.Deploy.0 = Debug|ARM
		{265E0D69-2328-462C-9286-E6B9D93E6B5E}.Debug|x64.ActiveCfg = Debug|x64
		{265E0D69-2328-462C-9286-E6B9D93E6B5E}.Debug|x64.Build.0 = Debug|x64
		{265E0D69-2328-462C-9286-E6B9D93E6B5E}.Debug|x64.Deploy.0 = Debug|x64
		{265E0D69-2328-462C-9286-E6B9D93E6B5E}.Debug|x86.ActiveCfg = Debug|x86
		{265E0D69-2328-462C-9286-E6B9D93E6B5E}.Debug|x86.Build.0 = Debug|x86
		{265E0D69-2328-462C-9286-E6B9D93E6B5E}.Debug|x86.Deploy.0 = Debug|x86
		{265E0D69-2328-462C-9286-E6B9D93E6B5E}.Release|ARM.ActiveCfg = Release|ARM
		{265E0D69-2328-462C-9286-E6B9D93E6B5E}.Release|ARM.Build.0 = Release|ARM
		{265E0D69-2328-462C-9286-E6B9D93E6B5E}.Release|ARM.Deploy.0 = Release|ARM
		{265E0D69-2328-462C-9286-E6B9D93E6B5E}.Release|x64.ActiveCfg = Release|x64
		{265E0D69-2328-462C-9286-E6B9D93E6B5E}.Release|x64.Build.0 = Release|x64
		{265E0D69-2328-462C-9286-E6B9D93E6B5E}.Release|x64.Deploy.0 = Release|x64
		{265E0D69-2328-462C-9286-E6B9D93E6B5E}.Release|x86.ActiveCfg = Release|x86
		{265E0D69-2328-462C-9286-E6B9D93E6B5E}.Release|x86.Build.0 = Release|x86
		{265E0D69-2328-462C-9286-E6B9D93E6B5E}.Release|x86.Deploy.0 = Release|x86
		{42AD5409-D24E-42C7-98AE-DADC70314FA4}.Debug|ARM.ActiveCfg = Debug|ARM
		{42AD5409-D24E-42C7-98AE-DADC70314FA4}.Debug|ARM.Build.0 = Debug|ARM
		{42AD5409-D24E-42C7-98AE-DADC70314FA4}.Debug|ARM.Deploy.0 = Debug|ARM
		{42AD5409-D24E-42C7-98AE-DADC70314FA4}.Debug|x64.ActiveCfg = Debug|x64
		{42AD5409-D24E-42C7-98AE-DADC70314FA4}.Debug|x64.Build.0 = Debug|x64
		{42AD5409-D24E-42C7-98AE-DADC70314FA4}.Debug|x64.Deploy.0 = Debug|x64
		{42AD5409-D24E-42C7-98AE-DADC70314FA4}.Debug|x86.ActiveCfg = Debug|x86
		{42AD5409-D24E-42C7-98AE-DADC70314FA4}.Debug|x86.Build.0 = Debug|x86
		{42AD5409-D24E-42C7-98AE-DADC70314FA4}.Debug|x86.Deploy.0 = Debug|x86
		{42AD5409-D24E-42C7-98AE-DADC70314FA4}.Release|ARM.ActiveCfg = Release|ARM
		{42AD5409-D24E-42C7-98AE-DADC70314FA4}.Release|ARM.Build.0 = Release|ARM
		{42AD5409-D24E-42C7-98AE-DADC70314FA4}.Release|ARM.Deploy.0 = Release|ARM
		{42AD5409-D24E-42C7-98AE-DADC70314FA4}.Release|x64.ActiveCfg = Release|x64
		{42AD5409-D24E-42C7-98AE-DADC70314FA4}.Release|x64.Build.0 = Release|x64
		{42AD5409-D24E-42C7-98AE-DADC70314FA4}.Release|x64.Deploy.0 = Release|x64
		{42AD5409-D24E-42C7-98AE-DADC70314FA4}.Release|x86.ActiveCfg = Release|x86
		{42AD5409-D24E-42C7-98AE-DADC70314FA4}.Release|x86.Build.0 = Release|x86
		{42AD5409-D24E-42C7-98AE-DADC70314FA4}.Release|x86.Deploy.0 = Release|x86
		{C45CEB5C-C1AA-40BA-87D5-DC3D517AE0E2}.Debug|ARM.ActiveCfg = Debug|ARM
		{C45CEB5C-C1AA-40BA-87D5-DC3D517AE0E2}.Debug|ARM.Build.0 = Debug|ARM
		{C45CEB5C-C1AA-40BA-87D5-DC3D517AE0E2}.Debug|ARM.Deploy.0 = Debug|ARM
		{C45CEB5C-C1AA-40BA-87D5-DC3D517AE0E2}.Debug|x64.ActiveCfg = Debug|x64
		{C45CEB5C-C1AA-40BA-87D5-DC3D517AE0E2}.Debug|x64.Build.0 = Debug|x64
		{C45CEB5C-C1AA-40BA-87D5-DC3D517AE0E2}.Debug|x64.Deploy.0 = Debug|x64
		{C45CEB5C-C1AA-40BA-87D5-DC3D517AE0E2}.Debug|x86.ActiveCfg = Debug|x86
		{C45CEB5C-C1AA-40BA-87D5-DC3D517AE0E2}.Debug|x86.Build.0 = Debug|x86
		{C45CEB5C-C1AA-40BA-87D5-DC3D517AE0E2}.Debug|x86.Deploy.0 = Debug|x86
		{C45CEB5C-C1AA-40BA-87D5-DC3D517AE0E2}.Release|ARM.ActiveCfg = Release|ARM
		{C45CEB5C-C1AA-40BA-87D5-DC3D517AE0E2}.Release|ARM.Build.0 = Release|ARM
		{C45CEB5C-C1AA-40BA-87D5-DC3D517AE0E2}.Release|ARM.Deploy.0 = Release|ARM
		{C45CEB5C-C1AA-40BA-87D5-DC3D517AE0E2}.Release|x64.ActiveCfg = Release|x64
		{C45CEB5C-C1AA-40BA-87D5-DC3D517AE0E2}.Release|x64.Build.0 = Release|x64
		{C45CEB5C-C1AA-40BA-87D5-DC3D517AE0E2}.Release|x64.Deploy.0 = Release|x64
		{C45CEB5C-C1AA-40BA-87D5-DC3D517AE0E2}.Release|x86.ActiveCfg = Release|x86
		{C45CEB5C-C1AA-40BA-87D5-DC3D517AE0E2}.Release|x86.Build.0 = Release|x86
		{C45CEB5C-C1AA-40BA-87D5-DC3D517AE0E2}.Release|x86.Deploy.0 = Release|x86
		{7C2A25DD-1798-4A55-8559-4A4EBC9282B4}.Debug|ARM.ActiveCfg = Debug|ARM
		{7C2A25DD-1798-4A55-8559-4A4EBC9282B4}.Debug|ARM.Build.0 = Debug|ARM
		{7C2A25DD-1798-4A55-8559-4A4EBC9282B4}.Debug|ARM.Deploy.0 = Debug|ARM
		{7C2A25DD-1798-4A55-8559-4A4EBC9282B4}.Debug|x64.ActiveCfg = Debug|x64
		{7C2A25DD-1798-4A55-8559-4A4EBC9282B4}.Debug|x64.Build.0 = Debug|x64
		{7C2A25DD-1798-4A55-8559-4A4EBC9282B4}.Debug|x64.Deploy.0 = Debug|x64
		{7C2A25DD-1798-4A55-8559-4A4EBC9282B4}.Debug|x86.ActiveCfg = Debug|x86
		{7C2A25DD-1798-4A55-8559-4A4EBC9282B4}.Debug|x86.Build.0 = Debug|x86
		{7C2A25DD-1798-4A55-8559-4A4EBC9282B4}.Debug|x86.Deploy.0 = Debug|x86
		{7C2A25DD-1798-4A55-8559-4A4EBC9282B4}.Release|ARM.ActiveCfg = Release|ARM
		{7C2A25DD-1798-4A55-8559-4A4EBC9282B4}.Release|ARM.Build.0 = Release|ARM
		{7C2A25DD-1798-4A55-8559-4A4EBC9282B4}.Release|ARM.Deploy.0 = Release|ARM
		{7C2A25DD-1798-4A55-8559-4A4EBC9282B4}.Release|x64.ActiveCfg = Release|x64
		{7C2A25DD-1798-4A55-8559-4A4EBC9282B4}.Release|x64.Build.0 = Release|x64
		{7C2A25DD-1798-4A55-8559-4A4EBC9282B4}.Release|x64.Deploy.0 = Release|x64
		{7C2A25DD-1798-4A55-8559-4A4EBC9282B4}.Release|x86.ActiveCfg = Release|x86
		{7C2A25DD-1798-4A55-8559-4A4EBC9282B4}.Release|x86.Build.0 = Release|x86
		{7C2A25DD-1798-4A55-8559-4A4EBC9282B4}.Release|x86.Deploy.0 = Release|x86
		{4E21F7C4-B0E0-4588-9FB6-F936CCDD095D}.Debug|ARM.ActiveCfg = Debug|ARM
		{4E21F7C4-B0E0-4588-9FB6-F936CCDD095D}.Debug|ARM.Build.0 = Debug|ARM
		{4E21F7C4-B0E0-4588-9FB6-F936CCDD095D}.Debug|ARM.Deploy.0 = Debug|ARM
		{4E21F7C4-B0E0-4588-9FB6-F936CCDD095D}.Debug|x64.ActiveCfg = Debug|x64
		{4E21F7C4-B0E0-4588-9FB6-F936CCDD095D}.Debug|x64.Build.0 = Debug|x64
		{4E21F7C4-B0E0-4588-9FB6-F936CCDD095D}.Debug|x64.Deploy.0 = Debug|x64
		{4E21F7C4-B0E0-4588-9FB6-F936CCDD095D}.Debug|x86.ActiveCfg = Debug|x86
		{4E21F7C4-B0E0-4588-9FB6-F936CCDD095D}.Debug|x86.Build.0 = Debug|x86
		{4E21F7C4-B0E0-4588-9FB6-F936CCDD095D}.Debug|x86.Deploy.0 = Debug|x86
		{4E21F7C4-B0E0-4588-9FB6-F936CCDD095D}.Release|ARM.ActiveCfg = Release|ARM
		{4E21F7C4-B0E0-4588-9FB6-F936CCDD095D}.Release|ARM.Build.0 = Release|ARM
		{4E21F7C4-B0E0-4588-9FB6-F936CCDD095D}.Release|ARM.Deploy.0 = Release|ARM
		{4E21F7C4-B0E0-4588-9FB6-F936CCDD095D}.Release|x64.ActiveCfg = Release|x64
		{4E21F7C4-B0E0-4588-9FB6-F936CCDD095D}.Release|x64.Build.0 = Release|x64
		{4E21F7C4-B0E0-4588-9FB6-F936CCDD095D}.Release|x64.Deploy.0 = Release|x64
		{4E21F7C4-B0E0-4588-9FB6-F936CCDD095D}.Release|x86.ActiveCfg = Release|x86
		{4E21F7C4-B0E0-4588-9FB6-F936CCDD095D}.Release|x86.Build.0 = Release|x86
		{4E21F7C4-B0E0-4588-9FB6-F936CCDD095D}.Release|x86.Deploy.0 = Release|x86
		{6CC8301E-4C93-4A6F-B2A3-83F12B80CA3D}.Debug|ARM.ActiveCfg = Debug|ARM
		{6CC8301E-4C93-4A6F-B2A3-83F12B80CA3D}.Debug|ARM.Build.0 = Debug|ARM
		{6CC8301E-4C93-4A6F-B2A3-83F12B80CA3D}.Debug|ARM.Deploy.0 = Debug|ARM
		{6CC8301E-4C93-4A6F-B2A3-83F12B80CA3D}.Debug|x64.ActiveCfg = Debug|x64
		{6CC8301E-4C93-4A6F-B2A3-83F12B80CA3D}.Debug|x64.Build.0 = Debug|x64
		{6CC8301E-4C93-4A6F-B2A3-83F12B80CA3D}.Debug|x64.Deploy.0 = Debug|x64
		{6CC8301E-4C93-4A6F-B2A3-83F12B80CA3D}.Debug|x86.ActiveCfg = Debug|x86
		{6CC8301E-4C93-4A6F-B2A3-83F12B80CA3D}.Debug|x86.Build.0 = Debug|x86
		{6CC8301E-4C93-4A6F-B2A3-83F12B80CA3D}.Debug|x86.Deploy.0 = Debug|x86
		{6CC8301E-4C93-4A6F-B2A3-83F12B80CA3D}.Release|ARM.ActiveCfg = Release|ARM
		{6CC8301E-4C93-4A6F-B2A3-83F12B80CA3D}.Release|ARM.Build.0 = Release|ARM
		{6CC8301E-4C93-4A6F-B2A3-83F12B80CA3D}.Release|ARM.Deploy.0 = Release|ARM
		{6CC8301E-4C93-4A6F-B2A3-83F12B80CA3D}.Release|x64.ActiveCfg = Release|x64
		{6CC8301E-4C93-4A6F-B2A3-83F12B80CA3D}.Release|x64.Build.0 = Release|x64
		{6CC8301E-4C93-4A6F-B2A3-83F12B80CA3D}.Release|x64.Deploy.0 = Release|x64
		{6CC8301E-4C93-4A6F-B2A3-83F12B80CA3D}.Release|x86.ActiveCfg = Release|x86
		{6CC8301E-4C93-4A6F-B2A3-83F12B80CA3D}.Release|x86.Build.0 = Release|x86
		{6CC8301E-4C93-4A6F-B2A3-83F12B80CA3D}.Release|x86.Deploy.0 = Release|x86
		{C5215A42-DAC3-4226-B25B-B93F958D038F}.Debug|ARM.ActiveCfg = Debug|ARM
		{C5215A42-DAC3-4226-B25B-B93F958D038F}.Debug|ARM.Build.0 = Debug|ARM
		{C5215A42-DAC3-4226-B25B-B93F958D038F}.Debug|ARM.Deploy.0 = Debug|ARM
		{C5215A42-DAC3-4226-B25B-B93F958D038F}.Debug|x64.ActiveCfg = Debug|x64
		{C5215A42-DAC3-4226-B25B-B93F958D038F}.Debug|x64.Build.0 = Debug|x64
		{C5215A42-DAC3-4226-B25B-B93F958D038F}.Debug|x64.Deploy.0 = Debug|x64
		{C5215A42-DAC3-4226-B25B-B93F958D038F}.Debug|x86.ActiveCfg = Debug|x86
		{C5215A42-DAC3-4226-B25B-B93F958D038F}.Debug|x86.Build.0 = Debug|x86
		{C5215A42-DAC3-4226-B25B-B93F958D038F}.Debug|x86.Deploy.0 = Debug|x86
		{C5215A42-DAC3-4226-B25B-B93F958D038F}.Release|ARM.ActiveCfg = Release|ARM
		{C5215A42-DAC3-4226-B25B-B93F958D038F}.Release|ARM.Build.0 = Release|ARM
		{C5215A42-DAC3-4226-B25B-B93F958D038F}.Release|ARM.Deploy.0 = Release|ARM
		{C5215A42-DAC3-4226-B25B-B93F958D038F}.Release|x64.ActiveCfg = Release|x64
		{C5215A42-DAC3-4226-B25B-B93F958D038F}.Release|x64.Build.0 = Release|x64
		{C5215A42-DAC3-4226-B25B-B93F958D038F}.Release|x64.Deploy.0 = Release|x64
		{C5215A42-DAC3-4226-B25B-B93F958D038F}.Release|x86.ActiveCfg = Release|x86
		{C5215A42-DAC3-4226-B25B-B93F958D038F}.Release|x86.Build.0 = Release|x86
		{C5215A42-DAC3-4226-B25B-B93F958D038F}.Release|x86.Deploy.0 = Release|x86
		{23C796C7-6F63-4908-8D47-F8F82D063B87}.Debug|ARM.ActiveCfg = Debug|ARM
		{23C796C7-6F63-4908-8D47-F8F82D063B87}.Debug|ARM.Build.0 = Debug|ARM
		{23C796C7-6F63-4908-8D47-F8F82D063B87}.Debug|ARM.Deploy.0 = Debug|ARM
		{23C796C7-6F63-4908-8D47-F8F82D063B87}.Debug|x64.ActiveCfg = Debug|x64
		{23C796C7-6F63-4908-8D47-F8F82D063B87}.Debug|x64.Build.0 = Debug|x64
		{23C796C7-6F63-4908-8D47-F8F82D063B87}.Debug|x64.Deploy.0 = Debug|x64
		{23C796C7-6F63-4908-8D47-F8F82D063B87}.Debug|x86.ActiveCfg = Debug|x86
		{23C796C7-6F63-4908-8D47-F8F82D063B87}.Debug|x86.Build.0 = Debug|x86
		{23C796C7-6F63-4908-8D47-F8F82D063B87}.Debug|x86.Deploy.0 = Debug|x86
		{23C796C7-6F63-4908-8D47-F8F82D063B87}.Release|ARM.ActiveCfg = Release|ARM
		{23C796C7-6F63-4908-8D47-F8F82D063B87}.Release|ARM.Build.0 = Release|ARM
		{23C796C7-6F63-4908-8D47-F8F82D063B87}.Release|ARM.Deploy.0 = Release|ARM
		{23C796C7-6F63-4908-8D47-F8F82D063B87}.Release|x64.ActiveCfg = Release|x64
		{23C796C7-6F63-4908-8D47-F8F82D063B87}.Release|x64.Build.0 = Release|x64
		{23C796C7-6F63-4908-8D47-F8F82D063B87}.Release|x64.Deploy.0 = Release|x64
		{23C796C7-6F63-4908-8D47-F8F82D063B87}.Release|x86.ActiveCfg = Release|x86
		{23C796C7-6F63-4908-8D47-F8F82D063B87}.Release|x86.Build.0 = Release|x86
		{23C796C7-6F63-4908-8D47-F8F82D063B87}.Release|x86.Deploy.0 = Release|x86
		{674D37EA-420A-4553-9DA0-AE517B6EC172}.Debug|ARM.ActiveCfg = Debug|ARM
		{674D37EA-420A-4553-9DA0-AE517B6EC172}.Debug|ARM.Build.0 = Debug|ARM
		{674D37EA-420A-4553-9DA0-AE517B6EC172}.Debug|ARM.Deploy.0 = Debug|ARM
		{674D37EA-420A-4553-9DA0-AE517B6EC172}.Debug|x64.ActiveCfg = Debug|x64
		{674D37EA-420A-4553-9DA0-AE517B6EC172}.Debug|x64.Build.0 = Debug|x64
		{674D37EA-420A-4553-9DA0-AE517B6EC172}.Debug|x64.Deploy.0 = Debug|x64
		{674D37EA-420A-4553-9DA0-AE517B6EC172}.Debug|x86.ActiveCfg = Debug|x86
		{674D37EA-420A-4553-9DA0-AE517B6EC172}.Debug|x86.Build.0 = Debug|x86
		{674D37EA-420A-4553-9DA0-AE517B6EC172}.Debug|x86.Deploy.0 = Debug|x86
		{674D37EA-420A-4553-9DA0-AE517B6EC172}.Release|ARM.ActiveCfg = Release|ARM
		{674D37EA-420A-4553-9DA0-AE517B6EC172}.Release|ARM.Build.0 = Release|ARM
		{674D37EA-420A-4553-9DA0-AE517B6EC172}.Release|ARM.Deploy.0 = Release|ARM
		{674D37EA-420A-4553-9DA0-AE517B6EC172}.Release|x64.ActiveCfg = Release|x64
		{674D37EA-420A-4553-9DA0-AE517B6EC172}.Release|x64.Build.0 = Release|x64
		{674D37EA-420A-4553-9DA0-AE517B6EC172}.Release|x64.Deploy.0 = Release|x64
		{674D37EA-420A-4553-9DA0-AE517B6EC172}.Release|x86.ActiveCfg = Release|x86
		{674D37EA-420A-4553-9DA0-AE517B6EC172}.Release|x86.Build.0 = Release|x86
		{674D37EA-420A-4553-9DA0-AE517B6EC172}.Release|x86.Deploy.0 = Release|x86
		{F56F4E61-D2DB-4020-9B5F-016CB62DB8D2}.Debug|ARM.ActiveCfg = Debug|ARM
		{F56F4E61-D2DB-4020-9B5F-016CB62DB8D2}.Debug|ARM.Build.0 = Debug|ARM
		{F56F4E61-D2DB-4020-9B5F-016CB62DB8D2}.Debug|ARM.Deploy.0 = Debug|ARM
		{F56F4E61-D2DB-4020-9B5F-016CB62DB8D2}.Debug|x64.ActiveCfg = Debug|x64
		{F56F4E61-D2DB-4020-9B5F-016CB62DB8D2}.Debug|x64.Build.0 = Debug|x64
		{F56F4E61-D2DB-4020-9B5F-016CB62DB8D2}.Debug|x64.Deploy.0 = Debug|x64
		{F56F4E61-D2DB-4020-9B5F-016CB62DB8D2}.Debug|x86.ActiveCfg = Debug|x86
		{F56F4E61-D2DB-4020-9B5F-016CB62DB8D2}.Debug|x86.Build.0 = Debug|x86
		{F56F4E61-D2DB-4020-9B5F-016CB62DB8D2}.Debug|x86.Deploy.0 = Debug|x86
		{F56F4E61-D2DB-4020-9B5F-016CB62DB8D2}.Release|ARM.ActiveCfg = Release|ARM
		{F56F4E61-D2DB-4020-9B5F-016CB62DB8D2}.Release|ARM.Build.0 = Release|ARM
		{F56F4E61-D2DB-4020-9B5F-016CB62DB8D2}.Release|ARM.Deploy.0 = Release|ARM
		{F56F4E61-D2DB-4020-9B5F-016CB62DB8D2}.Release|x64.ActiveCfg = Release|x64
		{F56F4E61-D2DB-4020-9B5F-016CB62DB8D2}.Release|x64.Build.0 = Release|x64
		{F56F4E61-D2DB-4020-9B5F-016CB62DB8D2}.Release|x64.Deploy.0 = Release|x64
		{F56F4E61-D2DB-4020-9B5F-016CB62DB8D2}.Release|x86.ActiveCfg = Release|x86
		{F56F4E61-D2DB-4020-9B5F-016CB62DB8D2}.Release|x86.Build.0 = Release|x86
		{F56F4E61-D2DB-4020-9B5F-016CB62DB8D2}.Release|x86.Deploy.0 = Release|x86
		{64009986-4AF9-4186-8085-DA6FBCE42F28}.Debug|ARM.ActiveCfg = Debug|ARM
		{64009986-4AF9-4186-8085-DA6FBCE42F28}.Debug|ARM.Build.0 = Debug|ARM
		{64009986-4AF9-4186-8085-DA6FBCE42F28}.Debug|ARM.Deploy.0 = Debug|ARM
		{64009986-4AF9-4186-8085-DA6FBCE42F28}.Debug|x64.ActiveCfg = Debug|x64
		{64009986-4AF9-4186-8085-DA6FBCE42F28}.Debug|x64.Build.0 = Debug|x64
		{64009986-4AF9-4186-8085-DA6FBCE42F28}.Debug|x64.Deploy.0 = Debug|x64
		{64009986-4AF9-4186-8085-DA6FBCE42F28}.Debug|x86.ActiveCfg = Debug|x86
		{64009986-4AF9-4186-8085-DA6FBCE42F28}.Debug|x86.Build.0 = Debug|x86
		{64009986-4AF9-4186-8085-DA6FBCE42F28}.Debug|x86.Deploy.0 = Debug|x86
		{64009986-4AF9-4186-8085-DA6FBCE42F28}.Release|ARM.ActiveCfg = Release|ARM
		{64009986-4AF9-4186-8085-DA6FBCE42F28}.Release|ARM.Build.0 = Release|ARM
		{64009986-4AF9-4186-8085-DA6FBCE42F28}.Release|ARM.Deploy.0 = Release|ARM
		{64009986-4AF9-4186-8085-DA6FBCE42F28}.Release|x64.ActiveCfg = Release|x64
		{64009986-4AF9-4186-8085-DA6FBCE42F28}.Release|x64.Build.0 = Release|x64
		{64009986-4AF9-4186-8085-DA6FBCE42F28}.Release|x64.Deploy.0 = Release|x64
		{64009986-4AF9-4186-8085-DA6FBCE42F28}.Release|x86.ActiveCfg = Release|x86
		{64009986-4AF9-4186-8085-DA6FBCE42F28}.Release|x86.Build.0 = Release|x86
		{64009986-4AF9-4186-8085-DA6FBCE42F28}.Release|x86.Deploy.0 = Release|x86
		{BD463FDE-0657-47E2-9F31-A123B65113FF}.Debug|ARM.ActiveCfg = Debug|ARM
		{BD463FDE-0657-47E2-9F31-A123B65113FF}.Debug|ARM.Build.0 = Debug|ARM
		{BD463FDE-0657-47E2-9F31-A123B65113FF}.Debug|ARM.Deploy.0 = Debug|ARM
		{BD463FDE-0657-47E2-9F31-A123B65113FF}.Debug|x64.ActiveCfg = Debug|x64
		{BD463FDE-0657-47E2-9F31-A123B65113FF}.Debug|x64.Build.0 = Debug|x64
		{BD463FDE-0657-47E2-9F31-A123B65113FF}.Debug|x64.Deploy.0 = Debug|x64
		{BD463FDE-0657-47E2-9F31-A123B65113FF}.Debug|x86.ActiveCfg = Debug|x86
		{BD463FDE-0657-47E2-9F31-A123B65113FF}.Debug|x86.Build.0 = Debug|x86
		{BD463FDE-0657-47E2-9F31-A123B65113FF}.Debug|x86.Deploy.0 = Debug|x86
		{BD463FDE-0657-47E2-9F31-A123B65113FF}.Release|ARM.ActiveCfg = Release|ARM
		{BD463FDE-0657-47E2-9F31-A123B65113FF}.Release|ARM.Build.0 = Release|ARM
		{BD463FDE-0657-47E2-9F31-A123B65113FF}.Release|ARM.Deploy.0 = Release|ARM
		{BD463FDE-0657-47E2-9F31-A123B65113FF}.Release|x64.ActiveCfg = Release|x64
		{BD463FDE-0657-47E2-9F31-A123B65113FF}.Release|x64.Build.0 = Release|x64
		{BD463FDE-0657-47E2-9F31-A123B65113FF}.Release|x64.Deploy.0 = Release|x64
		{BD463FDE-0657-47E2-9F31-A123B65113FF}.Release|x86.ActiveCfg = Release|x86
		{BD463FDE-0657-47E2-9F31-A123B65113FF}.Release|x86.Build.0 = Release|x86
		{BD463FDE-0657-47E2-9F31-A123B65113FF}.Release|x86.Deploy.0 = Release|x86
	EndGlobalSection
	GlobalSection(SolutionProperties) = preSolution
		HideSolutionNode = FALSE
	EndGlobalSection
EndGlobal
